{
  "version": 4,
  "terraform_version": "1.0.4",
  "serial": 365,
  "lineage": "2d6e619a-11c1-ace7-25f0-bbe9e75ca8c4",
  "outputs": {},
  "resources": [
    {
      "mode": "managed",
      "type": "aws_eip",
      "name": "one",
      "provider": "provider[\"registry.terraform.io/hashicorp/aws\"]",
      "instances": [
        {
          "schema_version": 0,
          "attributes": {
            "address": null,
            "allocation_id": null,
            "associate_with_private_ip": "10.0.0.50",
            "association_id": "eipassoc-0c8f93298811ee3eb",
            "carrier_ip": "",
            "customer_owned_ip": "",
            "customer_owned_ipv4_pool": "",
            "domain": "vpc",
            "id": "eipalloc-0d04d7f914ba8ce3e",
            "instance": "i-09b1aa3a4621b8533",
            "network_border_group": "us-east-1",
            "network_interface": "eni-0c3e4766770d6218f",
            "private_dns": "ip-10-0-0-50.ec2.internal",
            "private_ip": "10.0.0.50",
            "public_dns": "ec2-52-7-19-110.compute-1.amazonaws.com",
            "public_ip": "52.7.19.110",
            "public_ipv4_pool": "amazon",
            "tags": {},
            "tags_all": {},
            "timeouts": null,
            "vpc": true
          },
          "sensitive_attributes": [],
          "private": "eyJlMmJmYjczMC1lY2FhLTExZTYtOGY4OC0zNDM2M2JjN2M0YzAiOnsiZGVsZXRlIjoxODAwMDAwMDAwMDAsInJlYWQiOjkwMDAwMDAwMDAwMCwidXBkYXRlIjozMDAwMDAwMDAwMDB9fQ==",
          "dependencies": [
            "aws_internet_gateway.gw",
            "aws_network_interface.web-server-nic",
            "aws_security_group.allow_web",
            "aws_subnet.subnet-1",
            "aws_vpc.my-first-vpc"
          ]
        }
      ]
    },
    {
      "mode": "managed",
      "type": "aws_instance",
      "name": "my-first-server",
      "provider": "provider[\"registry.terraform.io/hashicorp/aws\"]",
      "instances": [
        {
          "schema_version": 1,
          "attributes": {
            "ami": "ami-09e67e426f25ce0d7",
            "arn": "arn:aws:ec2:us-east-1:880770118761:instance/i-085554ed9950b0278",
            "associate_public_ip_address": true,
            "availability_zone": "us-east-1c",
            "capacity_reservation_specification": [
              {
                "capacity_reservation_preference": "open",
                "capacity_reservation_target": []
              }
            ],
            "cpu_core_count": 1,
            "cpu_threads_per_core": 1,
            "credit_specification": [
              {
                "cpu_credits": "standard"
              }
            ],
            "disable_api_termination": false,
            "ebs_block_device": [],
            "ebs_optimized": false,
            "enclave_options": [
              {
                "enabled": false
              }
            ],
            "ephemeral_block_device": [],
            "get_password_data": false,
            "hibernation": false,
            "host_id": null,
            "iam_instance_profile": "",
            "id": "i-085554ed9950b0278",
            "instance_initiated_shutdown_behavior": "stop",
            "instance_state": "running",
            "instance_type": "t2.micro",
            "ipv6_address_count": 0,
            "ipv6_addresses": [],
            "key_name": "m-key",
            "launch_template": [],
            "metadata_options": [
              {
                "http_endpoint": "enabled",
                "http_put_response_hop_limit": 1,
                "http_tokens": "optional"
              }
            ],
            "monitoring": false,
            "network_interface": [
              {
                "delete_on_termination": false,
                "device_index": 0,
                "network_interface_id": "eni-0c3e4766770d6218f"
              }
            ],
            "outpost_arn": "",
            "password_data": "",
            "placement_group": "",
            "primary_network_interface_id": "eni-0c3e4766770d6218f",
            "private_dns": "ip-10-0-0-50.ec2.internal",
            "private_ip": "10.0.0.50",
            "public_dns": "",
            "public_ip": "52.7.19.110",
            "root_block_device": [
              {
                "delete_on_termination": true,
                "device_name": "/dev/sda1",
                "encrypted": false,
                "iops": 100,
                "kms_key_id": "",
                "tags": {},
                "throughput": 0,
                "volume_id": "vol-070f5fdb73a5ba9e1",
                "volume_size": 8,
                "volume_type": "gp2"
              }
            ],
            "secondary_private_ips": [],
            "security_groups": [],
            "source_dest_check": true,
            "subnet_id": "subnet-046efd22fe694d11f",
            "tags": {
              "Name": "Ubuntu"
            },
            "tags_all": {
              "Name": "Ubuntu"
            },
            "tenancy": "default",
            "timeouts": null,
            "user_data": "b824d00ab6f045d1ab50331d705b7c510750afe9",
            "user_data_base64": null,
            "volume_tags": null,
            "vpc_security_group_ids": [
              "sg-09272f52d2e51a7a2"
            ]
          },
          "sensitive_attributes": [],
          "private": "eyJlMmJmYjczMC1lY2FhLTExZTYtOGY4OC0zNDM2M2JjN2M0YzAiOnsiY3JlYXRlIjo2MDAwMDAwMDAwMDAsImRlbGV0ZSI6MTIwMDAwMDAwMDAwMCwidXBkYXRlIjo2MDAwMDAwMDAwMDB9LCJzY2hlbWFfdmVyc2lvbiI6IjEifQ==",
          "dependencies": [
            "aws_network_interface.web-server-nic"
          ]
        }
      ]
    },
    {
      "mode": "managed",
      "type": "aws_instance",
      "name": "my-second-server",
      "provider": "provider[\"registry.terraform.io/hashicorp/aws\"]",
      "instances": [
        {
          "schema_version": 1,
          "attributes": {
            "ami": "ami-0affd4508a5d2481b",
            "arn": "arn:aws:ec2:us-east-1:880770118761:instance/i-08b5e0085a82e9a4e",
            "associate_public_ip_address": false,
            "availability_zone": "us-east-1f",
            "capacity_reservation_specification": [
              {
                "capacity_reservation_preference": "open",
                "capacity_reservation_target": []
              }
            ],
            "cpu_core_count": 1,
            "cpu_threads_per_core": 1,
            "credit_specification": [
              {
                "cpu_credits": "standard"
              }
            ],
            "disable_api_termination": false,
            "ebs_block_device": [],
            "ebs_optimized": false,
            "enclave_options": [
              {
                "enabled": false
              }
            ],
            "ephemeral_block_device": [],
            "get_password_data": false,
            "hibernation": false,
            "host_id": null,
            "iam_instance_profile": "",
            "id": "i-08b5e0085a82e9a4e",
            "instance_initiated_shutdown_behavior": "stop",
            "instance_state": "running",
            "instance_type": "t2.micro",
            "ipv6_address_count": 0,
            "ipv6_addresses": [],
            "key_name": "m-key",
            "launch_template": [],
            "metadata_options": [
              {
                "http_endpoint": "enabled",
                "http_put_response_hop_limit": 1,
                "http_tokens": "optional"
              }
            ],
            "monitoring": false,
            "network_interface": [
              {
                "delete_on_termination": false,
                "device_index": 0,
                "network_interface_id": "eni-02087dc8db4d6b48c"
              }
            ],
            "outpost_arn": "",
            "password_data": "",
            "placement_group": "",
            "primary_network_interface_id": "eni-02087dc8db4d6b48c",
            "private_dns": "ip-10-0-0-150.ec2.internal",
            "private_ip": "10.0.0.150",
            "public_dns": "",
            "public_ip": "",
            "root_block_device": [
              {
                "delete_on_termination": false,
                "device_name": "/dev/sda1",
                "encrypted": false,
                "iops": 100,
                "kms_key_id": "",
                "tags": {},
                "throughput": 0,
                "volume_id": "vol-0b75493b0d03267c6",
                "volume_size": 8,
                "volume_type": "gp2"
              }
            ],
            "secondary_private_ips": [],
            "security_groups": [],
            "source_dest_check": true,
            "subnet_id": "subnet-0e119209f7f7a2277",
            "tags": {
              "Name": "CentOS"
            },
            "tags_all": {
              "Name": "CentOS"
            },
            "tenancy": "default",
            "timeouts": null,
            "user_data": null,
            "user_data_base64": null,
            "volume_tags": null,
            "vpc_security_group_ids": [
              "sg-024c8257144e4e37d"
            ]
          },
          "sensitive_attributes": [],
          "private": "eyJlMmJmYjczMC1lY2FhLTExZTYtOGY4OC0zNDM2M2JjN2M0YzAiOnsiY3JlYXRlIjo2MDAwMDAwMDAwMDAsImRlbGV0ZSI6MTIwMDAwMDAwMDAwMCwidXBkYXRlIjo2MDAwMDAwMDAwMDB9LCJzY2hlbWFfdmVyc2lvbiI6IjEifQ==",
          "dependencies": [
            "aws_network_interface.centos-server-nic",
            "aws_security_group.private",
            "aws_subnet.subnet-2",
            "aws_vpc.my-first-vpc"
          ]
        }
      ]
    },
    {
      "mode": "managed",
      "type": "aws_internet_gateway",
      "name": "gw",
      "provider": "provider[\"registry.terraform.io/hashicorp/aws\"]",
      "instances": [
        {
          "schema_version": 0,
          "attributes": {
            "arn": "arn:aws:ec2:us-east-1:880770118761:internet-gateway/igw-02e62ea8d7b7999ae",
            "id": "igw-02e62ea8d7b7999ae",
            "owner_id": "880770118761",
            "tags": {
              "Name": "internet-gw1"
            },
            "tags_all": {
              "Name": "internet-gw1"
            },
            "vpc_id": "vpc-055d4571ee3772052"
          },
          "sensitive_attributes": [],
          "private": "bnVsbA==",
          "dependencies": [
            "aws_vpc.my-first-vpc"
          ]
        }
      ]
    },
    {
      "mode": "managed",
      "type": "aws_network_interface",
      "name": "centos-server-nic",
      "provider": "provider[\"registry.terraform.io/hashicorp/aws\"]",
      "instances": [
        {
          "schema_version": 0,
          "attributes": {
            "attachment": [
              {
                "attachment_id": "eni-attach-0d568d70010d3c3d2",
                "device_index": 0,
                "instance": "i-08b5e0085a82e9a4e"
              }
            ],
            "description": "",
            "id": "eni-02087dc8db4d6b48c",
            "interface_type": "interface",
            "ipv6_address_count": 0,
            "ipv6_addresses": [],
            "mac_address": "16:f7:c7:30:64:e3",
            "outpost_arn": "",
            "private_dns_name": "",
            "private_ip": "10.0.0.150",
            "private_ips": [
              "10.0.0.150"
            ],
            "private_ips_count": 0,
            "security_groups": [
              "sg-024c8257144e4e37d"
            ],
            "source_dest_check": true,
            "subnet_id": "subnet-0e119209f7f7a2277",
            "tags": {},
            "tags_all": {}
          },
          "sensitive_attributes": [],
          "private": "bnVsbA==",
          "dependencies": [
            "aws_security_group.private",
            "aws_subnet.subnet-2",
            "aws_vpc.my-first-vpc"
          ]
        }
      ]
    },
    {
      "mode": "managed",
      "type": "aws_network_interface",
      "name": "web-server-nic",
      "provider": "provider[\"registry.terraform.io/hashicorp/aws\"]",
      "instances": [
        {
          "schema_version": 0,
          "attributes": {
            "attachment": [
              {
                "attachment_id": "eni-attach-039a431ddf208099f",
                "device_index": 0,
                "instance": "i-09b1aa3a4621b8533"
              }
            ],
            "description": "",
            "id": "eni-0c3e4766770d6218f",
            "interface_type": "interface",
            "ipv6_address_count": 0,
            "ipv6_addresses": [],
            "mac_address": "0a:21:9e:a1:dd:87",
            "outpost_arn": "",
            "private_dns_name": "",
            "private_ip": "10.0.0.50",
            "private_ips": [
              "10.0.0.50"
            ],
            "private_ips_count": 0,
            "security_groups": [
              "sg-09272f52d2e51a7a2"
            ],
            "source_dest_check": true,
            "subnet_id": "subnet-046efd22fe694d11f",
            "tags": {},
            "tags_all": {}
          },
          "sensitive_attributes": [],
          "private": "bnVsbA==",
          "dependencies": [
            "aws_security_group.allow_web",
            "aws_subnet.subnet-1",
            "aws_vpc.my-first-vpc"
          ]
        }
      ]
    },
    {
      "mode": "managed",
      "type": "aws_route_table",
      "name": "first-route",
      "provider": "provider[\"registry.terraform.io/hashicorp/aws\"]",
      "instances": [
        {
          "schema_version": 0,
          "attributes": {
            "arn": "arn:aws:ec2:us-east-1:880770118761:route-table/rtb-0528968a5369f9548",
            "id": "rtb-0528968a5369f9548",
            "owner_id": "880770118761",
            "propagating_vgws": [],
            "route": [
              {
                "carrier_gateway_id": "",
                "cidr_block": "0.0.0.0/0",
                "destination_prefix_list_id": "",
                "egress_only_gateway_id": "",
                "gateway_id": "igw-02e62ea8d7b7999ae",
                "instance_id": "",
                "ipv6_cidr_block": "",
                "local_gateway_id": "",
                "nat_gateway_id": "",
                "network_interface_id": "",
                "transit_gateway_id": "",
                "vpc_endpoint_id": "",
                "vpc_peering_connection_id": ""
              }
            ],
            "tags": {
              "Name": "route1"
            },
            "tags_all": {
              "Name": "route1"
            },
            "vpc_id": "vpc-055d4571ee3772052"
          },
          "sensitive_attributes": [],
          "private": "bnVsbA==",
          "dependencies": [
            "aws_internet_gateway.gw",
            "aws_vpc.my-first-vpc"
          ]
        }
      ]
    },
    {
      "mode": "managed",
      "type": "aws_route_table_association",
      "name": "a",
      "provider": "provider[\"registry.terraform.io/hashicorp/aws\"]",
      "instances": [
        {
          "schema_version": 0,
          "attributes": {
            "gateway_id": "",
            "id": "rtbassoc-0e05716ff0d7e293c",
            "route_table_id": "rtb-0528968a5369f9548",
            "subnet_id": "subnet-046efd22fe694d11f"
          },
          "sensitive_attributes": [],
          "private": "bnVsbA==",
          "dependencies": [
            "aws_route_table.first-route",
            "aws_subnet.subnet-1",
            "aws_vpc.my-first-vpc",
            "aws_internet_gateway.gw"
          ]
        }
      ]
    },
    {
      "mode": "managed",
      "type": "aws_route_table_association",
      "name": "b",
      "provider": "provider[\"registry.terraform.io/hashicorp/aws\"]",
      "instances": [
        {
          "schema_version": 0,
          "attributes": {
            "gateway_id": "",
            "id": "rtbassoc-0cbbaa8c4ccd0af8c",
            "route_table_id": "rtb-0528968a5369f9548",
            "subnet_id": "subnet-0e119209f7f7a2277"
          },
          "sensitive_attributes": [],
          "private": "bnVsbA==",
          "dependencies": [
            "aws_route_table.first-route",
            "aws_subnet.subnet-2",
            "aws_vpc.my-first-vpc",
            "aws_internet_gateway.gw"
          ]
        }
      ]
    },
    {
      "mode": "managed",
      "type": "aws_security_group",
      "name": "allow_web",
      "provider": "provider[\"registry.terraform.io/hashicorp/aws\"]",
      "instances": [
        {
          "schema_version": 1,
          "attributes": {
            "arn": "arn:aws:ec2:us-east-1:880770118761:security-group/sg-09272f52d2e51a7a2",
            "description": "Allow Web inbound traffic",
            "egress": [
              {
                "cidr_blocks": [
                  "0.0.0.0/0"
                ],
                "description": "",
                "from_port": 0,
                "ipv6_cidr_blocks": [],
                "prefix_list_ids": [],
                "protocol": "-1",
                "security_groups": [],
                "self": false,
                "to_port": 0
              }
            ],
            "id": "sg-09272f52d2e51a7a2",
            "ingress": [
              {
                "cidr_blocks": [
                  "0.0.0.0/0"
                ],
                "description": "",
                "from_port": 22,
                "ipv6_cidr_blocks": [],
                "prefix_list_ids": [],
                "protocol": "tcp",
                "security_groups": [],
                "self": false,
                "to_port": 22
              },
              {
                "cidr_blocks": [
                  "0.0.0.0/0"
                ],
                "description": "",
                "from_port": 80,
                "ipv6_cidr_blocks": [],
                "prefix_list_ids": [],
                "protocol": "tcp",
                "security_groups": [],
                "self": false,
                "to_port": 80
              },
              {
                "cidr_blocks": [
                  "0.0.0.0/0"
                ],
                "description": "HTTPS",
                "from_port": 443,
                "ipv6_cidr_blocks": [],
                "prefix_list_ids": [],
                "protocol": "tcp",
                "security_groups": [],
                "self": false,
                "to_port": 443
              },
              {
                "cidr_blocks": [
                  "0.0.0.0/0"
                ],
                "description": "ICMP",
                "from_port": -1,
                "ipv6_cidr_blocks": [],
                "prefix_list_ids": [],
                "protocol": "icmp",
                "security_groups": [],
                "self": false,
                "to_port": -1
              }
            ],
            "name": "allow_web_traffic",
            "name_prefix": "",
            "owner_id": "880770118761",
            "revoke_rules_on_delete": false,
            "tags": {
              "Name": "allow_web"
            },
            "tags_all": {
              "Name": "allow_web"
            },
            "timeouts": null,
            "vpc_id": "vpc-055d4571ee3772052"
          },
          "sensitive_attributes": [],
          "private": "eyJlMmJmYjczMC1lY2FhLTExZTYtOGY4OC0zNDM2M2JjN2M0YzAiOnsiY3JlYXRlIjo2MDAwMDAwMDAwMDAsImRlbGV0ZSI6OTAwMDAwMDAwMDAwfSwic2NoZW1hX3ZlcnNpb24iOiIxIn0=",
          "dependencies": [
            "aws_vpc.my-first-vpc"
          ]
        }
      ]
    },
    {
      "mode": "managed",
      "type": "aws_security_group",
      "name": "private",
      "provider": "provider[\"registry.terraform.io/hashicorp/aws\"]",
      "instances": [
        {
          "schema_version": 1,
          "attributes": {
            "arn": "arn:aws:ec2:us-east-1:880770118761:security-group/sg-024c8257144e4e37d",
            "description": "Private traffic",
            "egress": [
              {
                "cidr_blocks": [
                  "10.0.0.0/25"
                ],
                "description": "",
                "from_port": -1,
                "ipv6_cidr_blocks": [],
                "prefix_list_ids": [],
                "protocol": "icmp",
                "security_groups": [],
                "self": false,
                "to_port": -1
              },
              {
                "cidr_blocks": [
                  "10.0.0.0/25"
                ],
                "description": "",
                "from_port": 22,
                "ipv6_cidr_blocks": [],
                "prefix_list_ids": [],
                "protocol": "tcp",
                "security_groups": [],
                "self": false,
                "to_port": 22
              },
              {
                "cidr_blocks": [
                  "10.0.0.0/25"
                ],
                "description": "",
                "from_port": 80,
                "ipv6_cidr_blocks": [],
                "prefix_list_ids": [],
                "protocol": "tcp",
                "security_groups": [],
                "self": false,
                "to_port": 80
              },
              {
                "cidr_blocks": [
                  "10.0.0.0/25"
                ],
                "description": "HTTPS",
                "from_port": 443,
                "ipv6_cidr_blocks": [],
                "prefix_list_ids": [],
                "protocol": "tcp",
                "security_groups": [],
                "self": false,
                "to_port": 443
              }
            ],
            "id": "sg-024c8257144e4e37d",
            "ingress": [
              {
                "cidr_blocks": [
                  "10.0.0.0/24"
                ],
                "description": "",
                "from_port": -1,
                "ipv6_cidr_blocks": [],
                "prefix_list_ids": [],
                "protocol": "icmp",
                "security_groups": [],
                "self": false,
                "to_port": -1
              },
              {
                "cidr_blocks": [
                  "10.0.0.0/24"
                ],
                "description": "",
                "from_port": 22,
                "ipv6_cidr_blocks": [],
                "prefix_list_ids": [],
                "protocol": "tcp",
                "security_groups": [],
                "self": false,
                "to_port": 22
              },
              {
                "cidr_blocks": [
                  "10.0.0.0/24"
                ],
                "description": "",
                "from_port": 80,
                "ipv6_cidr_blocks": [],
                "prefix_list_ids": [],
                "protocol": "tcp",
                "security_groups": [],
                "self": false,
                "to_port": 80
              },
              {
                "cidr_blocks": [
                  "10.0.0.0/24"
                ],
                "description": "HTTPS",
                "from_port": 443,
                "ipv6_cidr_blocks": [],
                "prefix_list_ids": [],
                "protocol": "tcp",
                "security_groups": [],
                "self": false,
                "to_port": 443
              }
            ],
            "name": "allow__traffic",
            "name_prefix": "",
            "owner_id": "880770118761",
            "revoke_rules_on_delete": false,
            "tags": {
              "Name": "allow_private"
            },
            "tags_all": {
              "Name": "allow_private"
            },
            "timeouts": null,
            "vpc_id": "vpc-055d4571ee3772052"
          },
          "sensitive_attributes": [],
          "private": "eyJlMmJmYjczMC1lY2FhLTExZTYtOGY4OC0zNDM2M2JjN2M0YzAiOnsiY3JlYXRlIjo2MDAwMDAwMDAwMDAsImRlbGV0ZSI6OTAwMDAwMDAwMDAwfSwic2NoZW1hX3ZlcnNpb24iOiIxIn0=",
          "dependencies": [
            "aws_vpc.my-first-vpc"
          ]
        }
      ]
    },
    {
      "mode": "managed",
      "type": "aws_security_group_rule",
      "name": "allow_web_in_http",
      "provider": "provider[\"registry.terraform.io/hashicorp/aws\"]",
      "instances": [
        {
          "schema_version": 2,
          "attributes": {
            "cidr_blocks": [
              "0.0.0.0/0"
            ],
            "description": "",
            "from_port": 80,
            "id": "sgrule-2526449829",
            "ipv6_cidr_blocks": [],
            "prefix_list_ids": [],
            "protocol": "tcp",
            "security_group_id": "sg-09272f52d2e51a7a2",
            "self": false,
            "source_security_group_id": null,
            "to_port": 80,
            "type": "ingress"
          },
          "sensitive_attributes": [],
          "private": "eyJzY2hlbWFfdmVyc2lvbiI6IjIifQ==",
          "dependencies": [
            "aws_security_group.allow_web",
            "aws_vpc.my-first-vpc"
          ]
        }
      ]
    },
    {
      "mode": "managed",
      "type": "aws_security_group_rule",
      "name": "allow_web_in_https",
      "provider": "provider[\"registry.terraform.io/hashicorp/aws\"]",
      "instances": [
        {
          "schema_version": 2,
          "attributes": {
            "cidr_blocks": [
              "0.0.0.0/0"
            ],
            "description": "HTTPS",
            "from_port": 443,
            "id": "sgrule-2237411212",
            "ipv6_cidr_blocks": [],
            "prefix_list_ids": [],
            "protocol": "tcp",
            "security_group_id": "sg-09272f52d2e51a7a2",
            "self": false,
            "source_security_group_id": null,
            "to_port": 443,
            "type": "ingress"
          },
          "sensitive_attributes": [],
          "private": "eyJzY2hlbWFfdmVyc2lvbiI6IjIifQ==",
          "dependencies": [
            "aws_security_group.allow_web",
            "aws_vpc.my-first-vpc"
          ]
        }
      ]
    },
    {
      "mode": "managed",
      "type": "aws_security_group_rule",
      "name": "allow_web_in_icmp",
      "provider": "provider[\"registry.terraform.io/hashicorp/aws\"]",
      "instances": [
        {
          "schema_version": 2,
          "attributes": {
            "cidr_blocks": [
              "0.0.0.0/0"
            ],
            "description": "ICMP",
            "from_port": -1,
            "id": "sgrule-1040081221",
            "ipv6_cidr_blocks": [],
            "prefix_list_ids": [],
            "protocol": "icmp",
            "security_group_id": "sg-09272f52d2e51a7a2",
            "self": false,
            "source_security_group_id": null,
            "to_port": -1,
            "type": "ingress"
          },
          "sensitive_attributes": [],
          "private": "eyJzY2hlbWFfdmVyc2lvbiI6IjIifQ==",
          "dependencies": [
            "aws_security_group.allow_web",
            "aws_vpc.my-first-vpc"
          ]
        }
      ]
    },
    {
      "mode": "managed",
      "type": "aws_security_group_rule",
      "name": "allow_web_in_ssh",
      "provider": "provider[\"registry.terraform.io/hashicorp/aws\"]",
      "instances": [
        {
          "schema_version": 2,
          "attributes": {
            "cidr_blocks": [
              "0.0.0.0/0"
            ],
            "description": "",
            "from_port": 22,
            "id": "sgrule-538758416",
            "ipv6_cidr_blocks": [],
            "prefix_list_ids": [],
            "protocol": "tcp",
            "security_group_id": "sg-09272f52d2e51a7a2",
            "self": false,
            "source_security_group_id": null,
            "to_port": 22,
            "type": "ingress"
          },
          "sensitive_attributes": [],
          "private": "eyJzY2hlbWFfdmVyc2lvbiI6IjIifQ==",
          "dependencies": [
            "aws_security_group.allow_web",
            "aws_vpc.my-first-vpc"
          ]
        }
      ]
    },
    {
      "mode": "managed",
      "type": "aws_security_group_rule",
      "name": "allow_web_out",
      "provider": "provider[\"registry.terraform.io/hashicorp/aws\"]",
      "instances": [
        {
          "schema_version": 2,
          "attributes": {
            "cidr_blocks": [
              "0.0.0.0/0"
            ],
            "description": "",
            "from_port": 0,
            "id": "sgrule-2827549092",
            "ipv6_cidr_blocks": [],
            "prefix_list_ids": [],
            "protocol": "-1",
            "security_group_id": "sg-09272f52d2e51a7a2",
            "self": false,
            "source_security_group_id": null,
            "to_port": 0,
            "type": "egress"
          },
          "sensitive_attributes": [],
          "private": "eyJzY2hlbWFfdmVyc2lvbiI6IjIifQ==",
          "dependencies": [
            "aws_security_group.allow_web",
            "aws_vpc.my-first-vpc"
          ]
        }
      ]
    },
    {
      "mode": "managed",
      "type": "aws_security_group_rule",
      "name": "private_in_http",
      "provider": "provider[\"registry.terraform.io/hashicorp/aws\"]",
      "instances": [
        {
          "schema_version": 2,
          "attributes": {
            "cidr_blocks": [
              "10.0.0.0/24"
            ],
            "description": "",
            "from_port": 80,
            "id": "sgrule-483062837",
            "ipv6_cidr_blocks": [],
            "prefix_list_ids": [],
            "protocol": "tcp",
            "security_group_id": "sg-024c8257144e4e37d",
            "self": false,
            "source_security_group_id": null,
            "to_port": 80,
            "type": "ingress"
          },
          "sensitive_attributes": [],
          "private": "eyJzY2hlbWFfdmVyc2lvbiI6IjIifQ==",
          "dependencies": [
            "aws_security_group.private",
            "aws_vpc.my-first-vpc"
          ]
        }
      ]
    },
    {
      "mode": "managed",
      "type": "aws_security_group_rule",
      "name": "private_in_https",
      "provider": "provider[\"registry.terraform.io/hashicorp/aws\"]",
      "instances": [
        {
          "schema_version": 2,
          "attributes": {
            "cidr_blocks": [
              "10.0.0.0/24"
            ],
            "description": "HTTPS",
            "from_port": 443,
            "id": "sgrule-3539158478",
            "ipv6_cidr_blocks": [],
            "prefix_list_ids": [],
            "protocol": "tcp",
            "security_group_id": "sg-024c8257144e4e37d",
            "self": false,
            "source_security_group_id": null,
            "to_port": 443,
            "type": "ingress"
          },
          "sensitive_attributes": [],
          "private": "eyJzY2hlbWFfdmVyc2lvbiI6IjIifQ==",
          "dependencies": [
            "aws_security_group.private",
            "aws_vpc.my-first-vpc"
          ]
        }
      ]
    },
    {
      "mode": "managed",
      "type": "aws_security_group_rule",
      "name": "private_in_icmp",
      "provider": "provider[\"registry.terraform.io/hashicorp/aws\"]",
      "instances": [
        {
          "schema_version": 2,
          "attributes": {
            "cidr_blocks": [
              "10.0.0.0/24"
            ],
            "description": "",
            "from_port": -1,
            "id": "sgrule-2024120370",
            "ipv6_cidr_blocks": [],
            "prefix_list_ids": [],
            "protocol": "icmp",
            "security_group_id": "sg-024c8257144e4e37d",
            "self": false,
            "source_security_group_id": null,
            "to_port": -1,
            "type": "ingress"
          },
          "sensitive_attributes": [],
          "private": "eyJzY2hlbWFfdmVyc2lvbiI6IjIifQ==",
          "dependencies": [
            "aws_security_group.private",
            "aws_vpc.my-first-vpc"
          ]
        }
      ]
    },
    {
      "mode": "managed",
      "type": "aws_security_group_rule",
      "name": "private_in_ssh",
      "provider": "provider[\"registry.terraform.io/hashicorp/aws\"]",
      "instances": [
        {
          "schema_version": 2,
          "attributes": {
            "cidr_blocks": [
              "10.0.0.0/24"
            ],
            "description": "",
            "from_port": 22,
            "id": "sgrule-2426549515",
            "ipv6_cidr_blocks": [],
            "prefix_list_ids": [],
            "protocol": "tcp",
            "security_group_id": "sg-024c8257144e4e37d",
            "self": false,
            "source_security_group_id": null,
            "to_port": 22,
            "type": "ingress"
          },
          "sensitive_attributes": [],
          "private": "eyJzY2hlbWFfdmVyc2lvbiI6IjIifQ==",
          "dependencies": [
            "aws_vpc.my-first-vpc",
            "aws_security_group.private"
          ]
        }
      ]
    },
    {
      "mode": "managed",
      "type": "aws_security_group_rule",
      "name": "private_out_http",
      "provider": "provider[\"registry.terraform.io/hashicorp/aws\"]",
      "instances": [
        {
          "schema_version": 2,
          "attributes": {
            "cidr_blocks": [
              "10.0.0.0/25"
            ],
            "description": "",
            "from_port": 80,
            "id": "sgrule-3328933084",
            "ipv6_cidr_blocks": [],
            "prefix_list_ids": [],
            "protocol": "tcp",
            "security_group_id": "sg-024c8257144e4e37d",
            "self": false,
            "source_security_group_id": null,
            "to_port": 80,
            "type": "egress"
          },
          "sensitive_attributes": [],
          "private": "eyJzY2hlbWFfdmVyc2lvbiI6IjIifQ==",
          "dependencies": [
            "aws_security_group.private",
            "aws_subnet.subnet-1",
            "aws_vpc.my-first-vpc"
          ]
        }
      ]
    },
    {
      "mode": "managed",
      "type": "aws_security_group_rule",
      "name": "private_out_https",
      "provider": "provider[\"registry.terraform.io/hashicorp/aws\"]",
      "instances": [
        {
          "schema_version": 2,
          "attributes": {
            "cidr_blocks": [
              "10.0.0.0/25"
            ],
            "description": "HTTPS",
            "from_port": 443,
            "id": "sgrule-2654869675",
            "ipv6_cidr_blocks": [],
            "prefix_list_ids": [],
            "protocol": "tcp",
            "security_group_id": "sg-024c8257144e4e37d",
            "self": false,
            "source_security_group_id": null,
            "to_port": 443,
            "type": "egress"
          },
          "sensitive_attributes": [],
          "private": "eyJzY2hlbWFfdmVyc2lvbiI6IjIifQ==",
          "dependencies": [
            "aws_security_group.private",
            "aws_subnet.subnet-1",
            "aws_vpc.my-first-vpc"
          ]
        }
      ]
    },
    {
      "mode": "managed",
      "type": "aws_security_group_rule",
      "name": "private_out_icmp",
      "provider": "provider[\"registry.terraform.io/hashicorp/aws\"]",
      "instances": [
        {
          "schema_version": 2,
          "attributes": {
            "cidr_blocks": [
              "10.0.0.0/25"
            ],
            "description": "",
            "from_port": -1,
            "id": "sgrule-3264723909",
            "ipv6_cidr_blocks": [],
            "prefix_list_ids": [],
            "protocol": "icmp",
            "security_group_id": "sg-024c8257144e4e37d",
            "self": false,
            "source_security_group_id": null,
            "to_port": -1,
            "type": "egress"
          },
          "sensitive_attributes": [],
          "private": "eyJzY2hlbWFfdmVyc2lvbiI6IjIifQ==",
          "dependencies": [
            "aws_security_group.private",
            "aws_subnet.subnet-1",
            "aws_vpc.my-first-vpc"
          ]
        }
      ]
    },
    {
      "mode": "managed",
      "type": "aws_security_group_rule",
      "name": "private_out_ssh",
      "provider": "provider[\"registry.terraform.io/hashicorp/aws\"]",
      "instances": [
        {
          "schema_version": 2,
          "attributes": {
            "cidr_blocks": [
              "10.0.0.0/25"
            ],
            "description": "",
            "from_port": 22,
            "id": "sgrule-2111222146",
            "ipv6_cidr_blocks": [],
            "prefix_list_ids": [],
            "protocol": "tcp",
            "security_group_id": "sg-024c8257144e4e37d",
            "self": false,
            "source_security_group_id": null,
            "to_port": 22,
            "type": "egress"
          },
          "sensitive_attributes": [],
          "private": "eyJzY2hlbWFfdmVyc2lvbiI6IjIifQ==",
          "dependencies": [
            "aws_security_group.private",
            "aws_subnet.subnet-1",
            "aws_vpc.my-first-vpc"
          ]
        }
      ]
    },
    {
      "mode": "managed",
      "type": "aws_subnet",
      "name": "subnet-1",
      "provider": "provider[\"registry.terraform.io/hashicorp/aws\"]",
      "instances": [
        {
          "schema_version": 1,
          "attributes": {
            "arn": "arn:aws:ec2:us-east-1:880770118761:subnet/subnet-046efd22fe694d11f",
            "assign_ipv6_address_on_creation": false,
            "availability_zone": "us-east-1c",
            "availability_zone_id": "use1-az4",
            "cidr_block": "10.0.0.0/25",
            "customer_owned_ipv4_pool": "",
            "id": "subnet-046efd22fe694d11f",
            "ipv6_cidr_block": "",
            "ipv6_cidr_block_association_id": "",
            "map_customer_owned_ip_on_launch": false,
            "map_public_ip_on_launch": false,
            "outpost_arn": "",
            "owner_id": "880770118761",
            "tags": {
              "Name": "VPC_Ubuntu_subnet"
            },
            "tags_all": {
              "Name": "VPC_Ubuntu_subnet"
            },
            "timeouts": null,
            "vpc_id": "vpc-055d4571ee3772052"
          },
          "sensitive_attributes": [],
          "private": "eyJlMmJmYjczMC1lY2FhLTExZTYtOGY4OC0zNDM2M2JjN2M0YzAiOnsiY3JlYXRlIjo2MDAwMDAwMDAwMDAsImRlbGV0ZSI6MTIwMDAwMDAwMDAwMH0sInNjaGVtYV92ZXJzaW9uIjoiMSJ9",
          "dependencies": [
            "aws_vpc.my-first-vpc"
          ]
        }
      ]
    },
    {
      "mode": "managed",
      "type": "aws_subnet",
      "name": "subnet-2",
      "provider": "provider[\"registry.terraform.io/hashicorp/aws\"]",
      "instances": [
        {
          "schema_version": 1,
          "attributes": {
            "arn": "arn:aws:ec2:us-east-1:880770118761:subnet/subnet-0e119209f7f7a2277",
            "assign_ipv6_address_on_creation": false,
            "availability_zone": "us-east-1f",
            "availability_zone_id": "use1-az5",
            "cidr_block": "10.0.0.128/25",
            "customer_owned_ipv4_pool": "",
            "id": "subnet-0e119209f7f7a2277",
            "ipv6_cidr_block": "",
            "ipv6_cidr_block_association_id": "",
            "map_customer_owned_ip_on_launch": false,
            "map_public_ip_on_launch": false,
            "outpost_arn": "",
            "owner_id": "880770118761",
            "tags": {
              "Name": "VPC_CentOS_subnet"
            },
            "tags_all": {
              "Name": "VPC_CentOS_subnet"
            },
            "timeouts": null,
            "vpc_id": "vpc-055d4571ee3772052"
          },
          "sensitive_attributes": [],
          "private": "eyJlMmJmYjczMC1lY2FhLTExZTYtOGY4OC0zNDM2M2JjN2M0YzAiOnsiY3JlYXRlIjo2MDAwMDAwMDAwMDAsImRlbGV0ZSI6MTIwMDAwMDAwMDAwMH0sInNjaGVtYV92ZXJzaW9uIjoiMSJ9",
          "dependencies": [
            "aws_vpc.my-first-vpc"
          ]
        }
      ]
    },
    {
      "mode": "managed",
      "type": "aws_vpc",
      "name": "my-first-vpc",
      "provider": "provider[\"registry.terraform.io/hashicorp/aws\"]",
      "instances": [
        {
          "schema_version": 1,
          "attributes": {
            "arn": "arn:aws:ec2:us-east-1:880770118761:vpc/vpc-055d4571ee3772052",
            "assign_generated_ipv6_cidr_block": false,
            "cidr_block": "10.0.0.0/24",
            "default_network_acl_id": "acl-0f45e23ef7ea65de3",
            "default_route_table_id": "rtb-06c6b0322dc199c3b",
            "default_security_group_id": "sg-0348a3cefbdf18f19",
            "dhcp_options_id": "dopt-bf077ac5",
            "enable_classiclink": false,
            "enable_classiclink_dns_support": false,
            "enable_dns_hostnames": false,
            "enable_dns_support": true,
            "id": "vpc-055d4571ee3772052",
            "instance_tenancy": "default",
            "ipv6_association_id": "",
            "ipv6_cidr_block": "",
            "main_route_table_id": "rtb-06c6b0322dc199c3b",
            "owner_id": "880770118761",
            "tags": {
              "Name": "VPC_Ubuntu"
            },
            "tags_all": {
              "Name": "VPC_Ubuntu"
            }
          },
          "sensitive_attributes": [],
          "private": "eyJzY2hlbWFfdmVyc2lvbiI6IjEifQ=="
        }
      ]
    }
  ]
}
